<?xml version="1.0" encoding="utf-8"?>
<Project ToolsVersion="17.0" xmlns="http://schemas.microsoft.com/developer/msbuild/2003">
  <ItemGroup>
    <ClCompile Include="C:\Users\User\Documents\VST_SDK\vst3sdk\vstgui4\vstgui\plugin-bindings\vst3groupcontroller.cpp">
      <Filter>Source Files</Filter>
    </ClCompile>
    <ClCompile Include="C:\Users\User\Documents\VST_SDK\vst3sdk\vstgui4\vstgui\plugin-bindings\vst3padcontroller.cpp">
      <Filter>Source Files</Filter>
    </ClCompile>
    <ClCompile Include="C:\Users\User\Documents\VST_SDK\vst3sdk\vstgui4\vstgui\plugin-bindings\vst3editor.cpp">
      <Filter>Source Files</Filter>
    </ClCompile>
    <ClCompile Include="C:\Users\User\Documents\VST_SDK\vst3sdk\public.sdk\source\vst\vstguieditor.cpp">
      <Filter>Source Files</Filter>
    </ClCompile>
    <ClCompile Include="C:\Users\User\Documents\VST_SDK\vst3sdk\public.sdk\source\vst\vstgui_win32_bundle_support.cpp">
      <Filter>Source Files</Filter>
    </ClCompile>
  </ItemGroup>
  <ItemGroup>
    <ClInclude Include="C:\Users\User\Documents\VST_SDK\vst3sdk\vstgui4\vstgui\plugin-bindings\vst3groupcontroller.h">
      <Filter>Header Files</Filter>
    </ClInclude>
    <ClInclude Include="C:\Users\User\Documents\VST_SDK\vst3sdk\vstgui4\vstgui\plugin-bindings\vst3padcontroller.h">
      <Filter>Header Files</Filter>
    </ClInclude>
    <ClInclude Include="C:\Users\User\Documents\VST_SDK\vst3sdk\vstgui4\vstgui\plugin-bindings\vst3editor.h">
      <Filter>Header Files</Filter>
    </ClInclude>
    <ClInclude Include="C:\Users\User\Documents\VST_SDK\vst3sdk\public.sdk\source\vst\vstgui_win32_bundle_support.h">
      <Filter>Header Files</Filter>
    </ClInclude>
  </ItemGroup>
  <ItemGroup>
    <CustomBuild Include="C:\Users\User\Documents\VST_SDK\vst3sdk\CMakeLists.txt" />
  </ItemGroup>
  <ItemGroup>
    <Filter Include="Header Files">
      <UniqueIdentifier>{4CEEBBA3-95AC-3856-93A2-6423C011E0FC}</UniqueIdentifier>
    </Filter>
    <Filter Include="Source Files">
      <UniqueIdentifier>{24DC8A81-4282-3DBA-969E-C0AE95E8FA44}</UniqueIdentifier>
    </Filter>
  </ItemGroup>
</Project>
