<?xml version="1.0" encoding="utf-8"?>
<Project ToolsVersion="17.0" xmlns="http://schemas.microsoft.com/developer/msbuild/2003">
  <ItemGroup>
    <ClCompile Include="C:\Users\User\Documents\VST_SDK\vst3sdk\vstgui4\vstgui\standalone\source\application.cpp">
      <Filter>source</Filter>
    </ClCompile>
    <ClCompile Include="C:\Users\User\Documents\VST_SDK\vst3sdk\vstgui4\vstgui\standalone\source\genericalertbox.cpp">
      <Filter>source</Filter>
    </ClCompile>
    <ClCompile Include="C:\Users\User\Documents\VST_SDK\vst3sdk\vstgui4\vstgui\standalone\source\shareduiresources.cpp">
      <Filter>source</Filter>
    </ClCompile>
    <ClCompile Include="C:\Users\User\Documents\VST_SDK\vst3sdk\vstgui4\vstgui\standalone\source\uidescriptionwindowcontroller.cpp">
      <Filter>source</Filter>
    </ClCompile>
    <ClCompile Include="C:\Users\User\Documents\VST_SDK\vst3sdk\vstgui4\vstgui\standalone\source\window.cpp">
      <Filter>source</Filter>
    </ClCompile>
    <ClCompile Include="C:\Users\User\Documents\VST_SDK\vst3sdk\vstgui4\vstgui\standalone\source\helpers\value.cpp">
      <Filter>source\helpers</Filter>
    </ClCompile>
    <ClCompile Include="C:\Users\User\Documents\VST_SDK\vst3sdk\vstgui4\vstgui\standalone\source\platform\win32\win32application.cpp">
      <Filter>source\platform\win32</Filter>
    </ClCompile>
    <ClCompile Include="C:\Users\User\Documents\VST_SDK\vst3sdk\vstgui4\vstgui\standalone\source\platform\win32\win32async.cpp">
      <Filter>source\platform\win32</Filter>
    </ClCompile>
    <ClCompile Include="C:\Users\User\Documents\VST_SDK\vst3sdk\vstgui4\vstgui\standalone\source\platform\win32\win32commondirectories.cpp">
      <Filter>source\platform\win32</Filter>
    </ClCompile>
    <ClCompile Include="C:\Users\User\Documents\VST_SDK\vst3sdk\vstgui4\vstgui\standalone\source\platform\win32\win32menu.cpp">
      <Filter>source\platform\win32</Filter>
    </ClCompile>
    <ClCompile Include="C:\Users\User\Documents\VST_SDK\vst3sdk\vstgui4\vstgui\standalone\source\platform\win32\win32preference.cpp">
      <Filter>source\platform\win32</Filter>
    </ClCompile>
    <ClCompile Include="C:\Users\User\Documents\VST_SDK\vst3sdk\vstgui4\vstgui\standalone\source\platform\win32\win32window.cpp">
      <Filter>source\platform\win32</Filter>
    </ClCompile>
  </ItemGroup>
  <ItemGroup>
    <ClInclude Include="C:\Users\User\Documents\VST_SDK\vst3sdk\vstgui4\vstgui\standalone\include\appinit.h">
      <Filter>include</Filter>
    </ClInclude>
    <ClInclude Include="C:\Users\User\Documents\VST_SDK\vst3sdk\vstgui4\vstgui\standalone\include\doc.h">
      <Filter>include</Filter>
    </ClInclude>
    <ClInclude Include="C:\Users\User\Documents\VST_SDK\vst3sdk\vstgui4\vstgui\standalone\include\fwd.h">
      <Filter>include</Filter>
    </ClInclude>
    <ClInclude Include="C:\Users\User\Documents\VST_SDK\vst3sdk\vstgui4\vstgui\standalone\include\ialertbox.h">
      <Filter>include</Filter>
    </ClInclude>
    <ClInclude Include="C:\Users\User\Documents\VST_SDK\vst3sdk\vstgui4\vstgui\standalone\include\iappdelegate.h">
      <Filter>include</Filter>
    </ClInclude>
    <ClInclude Include="C:\Users\User\Documents\VST_SDK\vst3sdk\vstgui4\vstgui\standalone\include\iapplication.h">
      <Filter>include</Filter>
    </ClInclude>
    <ClInclude Include="C:\Users\User\Documents\VST_SDK\vst3sdk\vstgui4\vstgui\standalone\include\iasync.h">
      <Filter>include</Filter>
    </ClInclude>
    <ClInclude Include="C:\Users\User\Documents\VST_SDK\vst3sdk\vstgui4\vstgui\standalone\include\icommand.h">
      <Filter>include</Filter>
    </ClInclude>
    <ClInclude Include="C:\Users\User\Documents\VST_SDK\vst3sdk\vstgui4\vstgui\standalone\include\icommondirectories.h">
      <Filter>include</Filter>
    </ClInclude>
    <ClInclude Include="C:\Users\User\Documents\VST_SDK\vst3sdk\vstgui4\vstgui\standalone\include\imenubuilder.h">
      <Filter>include</Filter>
    </ClInclude>
    <ClInclude Include="C:\Users\User\Documents\VST_SDK\vst3sdk\vstgui4\vstgui\standalone\include\interface.h">
      <Filter>include</Filter>
    </ClInclude>
    <ClInclude Include="C:\Users\User\Documents\VST_SDK\vst3sdk\vstgui4\vstgui\standalone\include\ipreference.h">
      <Filter>include</Filter>
    </ClInclude>
    <ClInclude Include="C:\Users\User\Documents\VST_SDK\vst3sdk\vstgui4\vstgui\standalone\include\ishareduiresources.h">
      <Filter>include</Filter>
    </ClInclude>
    <ClInclude Include="C:\Users\User\Documents\VST_SDK\vst3sdk\vstgui4\vstgui\standalone\include\iuidescwindow.h">
      <Filter>include</Filter>
    </ClInclude>
    <ClInclude Include="C:\Users\User\Documents\VST_SDK\vst3sdk\vstgui4\vstgui\standalone\include\ivalue.h">
      <Filter>include</Filter>
    </ClInclude>
    <ClInclude Include="C:\Users\User\Documents\VST_SDK\vst3sdk\vstgui4\vstgui\standalone\include\ivaluelistener.h">
      <Filter>include</Filter>
    </ClInclude>
    <ClInclude Include="C:\Users\User\Documents\VST_SDK\vst3sdk\vstgui4\vstgui\standalone\include\iwindow.h">
      <Filter>include</Filter>
    </ClInclude>
    <ClInclude Include="C:\Users\User\Documents\VST_SDK\vst3sdk\vstgui4\vstgui\standalone\include\iwindowcontroller.h">
      <Filter>include</Filter>
    </ClInclude>
    <ClInclude Include="C:\Users\User\Documents\VST_SDK\vst3sdk\vstgui4\vstgui\standalone\include\iwindowlistener.h">
      <Filter>include</Filter>
    </ClInclude>
    <ClInclude Include="C:\Users\User\Documents\VST_SDK\vst3sdk\vstgui4\vstgui\standalone\include\helpers\appdelegate.h">
      <Filter>include\helpers</Filter>
    </ClInclude>
    <ClInclude Include="C:\Users\User\Documents\VST_SDK\vst3sdk\vstgui4\vstgui\standalone\include\helpers\async.h">
      <Filter>include\helpers</Filter>
    </ClInclude>
    <ClInclude Include="C:\Users\User\Documents\VST_SDK\vst3sdk\vstgui4\vstgui\standalone\include\helpers\menubuilder.h">
      <Filter>include\helpers</Filter>
    </ClInclude>
    <ClInclude Include="C:\Users\User\Documents\VST_SDK\vst3sdk\vstgui4\vstgui\standalone\include\helpers\preferences.h">
      <Filter>include\helpers</Filter>
    </ClInclude>
    <ClInclude Include="C:\Users\User\Documents\VST_SDK\vst3sdk\vstgui4\vstgui\standalone\include\helpers\value.h">
      <Filter>include\helpers</Filter>
    </ClInclude>
    <ClInclude Include="C:\Users\User\Documents\VST_SDK\vst3sdk\vstgui4\vstgui\standalone\include\helpers\valuelistener.h">
      <Filter>include\helpers</Filter>
    </ClInclude>
    <ClInclude Include="C:\Users\User\Documents\VST_SDK\vst3sdk\vstgui4\vstgui\standalone\include\helpers\windowcontroller.h">
      <Filter>include\helpers</Filter>
    </ClInclude>
    <ClInclude Include="C:\Users\User\Documents\VST_SDK\vst3sdk\vstgui4\vstgui\standalone\include\helpers\windowlistener.h">
      <Filter>include\helpers</Filter>
    </ClInclude>
    <ClInclude Include="C:\Users\User\Documents\VST_SDK\vst3sdk\vstgui4\vstgui\standalone\include\helpers\uidesc\modelbinding.h">
      <Filter>include\helpers\uidesc</Filter>
    </ClInclude>
    <ClInclude Include="C:\Users\User\Documents\VST_SDK\vst3sdk\vstgui4\vstgui\standalone\include\helpers\uidesc\customization.h">
      <Filter>include\helpers\uidesc</Filter>
    </ClInclude>
    <ClInclude Include="C:\Users\User\Documents\VST_SDK\vst3sdk\vstgui4\vstgui\standalone\source\application.h">
      <Filter>source</Filter>
    </ClInclude>
    <ClInclude Include="C:\Users\User\Documents\VST_SDK\vst3sdk\vstgui4\vstgui\standalone\source\genericalertbox.h">
      <Filter>source</Filter>
    </ClInclude>
    <ClInclude Include="C:\Users\User\Documents\VST_SDK\vst3sdk\vstgui4\vstgui\standalone\source\shareduiresources.h">
      <Filter>source</Filter>
    </ClInclude>
    <ClInclude Include="C:\Users\User\Documents\VST_SDK\vst3sdk\vstgui4\vstgui\standalone\source\window.h">
      <Filter>source</Filter>
    </ClInclude>
    <ClInclude Include="C:\Users\User\Documents\VST_SDK\vst3sdk\vstgui4\vstgui\standalone\source\platform\iplatformwindow.h">
      <Filter>source\platform</Filter>
    </ClInclude>
    <ClInclude Include="C:\Users\User\Documents\VST_SDK\vst3sdk\vstgui4\vstgui\standalone\source\platform\win32\win32async.h">
      <Filter>source\platform\win32</Filter>
    </ClInclude>
    <ClInclude Include="C:\Users\User\Documents\VST_SDK\vst3sdk\vstgui4\vstgui\standalone\source\platform\win32\win32commondirectories.h">
      <Filter>source\platform\win32</Filter>
    </ClInclude>
    <ClInclude Include="C:\Users\User\Documents\VST_SDK\vst3sdk\vstgui4\vstgui\standalone\source\platform\win32\win32menu.h">
      <Filter>source\platform\win32</Filter>
    </ClInclude>
    <ClInclude Include="C:\Users\User\Documents\VST_SDK\vst3sdk\vstgui4\vstgui\standalone\source\platform\win32\win32preference.h">
      <Filter>source\platform\win32</Filter>
    </ClInclude>
    <ClInclude Include="C:\Users\User\Documents\VST_SDK\vst3sdk\vstgui4\vstgui\standalone\source\platform\win32\win32window.h">
      <Filter>source\platform\win32</Filter>
    </ClInclude>
  </ItemGroup>
  <ItemGroup>
    <CustomBuild Include="C:\Users\User\Documents\VST_SDK\vst3sdk\vstgui4\vstgui\standalone\CMakeLists.txt" />
  </ItemGroup>
  <ItemGroup>
    <Filter Include="include">
      <UniqueIdentifier>{8248E5B2-5C0D-331B-AF30-D3D188685BCE}</UniqueIdentifier>
    </Filter>
    <Filter Include="include\helpers">
      <UniqueIdentifier>{0C639E74-975F-3461-B6C9-0EA4F149D05D}</UniqueIdentifier>
    </Filter>
    <Filter Include="include\helpers\uidesc">
      <UniqueIdentifier>{B4C9B22A-17B1-3986-8540-7146696391A6}</UniqueIdentifier>
    </Filter>
    <Filter Include="source">
      <UniqueIdentifier>{36AFF823-4706-3273-B737-0F9E984F9E1A}</UniqueIdentifier>
    </Filter>
    <Filter Include="source\helpers">
      <UniqueIdentifier>{B59C6D6A-3C85-3B1F-A5E1-92311941EF72}</UniqueIdentifier>
    </Filter>
    <Filter Include="source\platform">
      <UniqueIdentifier>{096C9DD4-0253-3F5D-A18C-405B98F788E9}</UniqueIdentifier>
    </Filter>
    <Filter Include="source\platform\win32">
      <UniqueIdentifier>{8DC7A348-E9BE-364A-95DA-12239D495D1E}</UniqueIdentifier>
    </Filter>
  </ItemGroup>
</Project>
