
Microsoft Visual Studio Solution File, Format Version 12.00
# Visual Studio Version 17
Project("{2150E333-8FDC-42A3-9474-1A3956D46DE8}") = "HostingExamples", "HostingExamples", "{E2D9F7C2-B817-3E23-BCF7-AD32BFC6F11E}"
EndProject
Project("{2150E333-8FDC-42A3-9474-1A3956D46DE8}") = "Libraries", "Libraries", "{9E362918-8100-3E68-A1F8-BFC21571D627}"
EndProject
Project("{2150E333-8FDC-42A3-9474-1A3956D46DE8}") = "PlugInExamples", "PlugInExamples", "{BF8966ED-BD38-3313-90EB-48B7823FC31B}"
EndProject
Project("{2150E333-8FDC-42A3-9474-1A3956D46DE8}") = "Predefined", "Predefined", "{DD2CED4C-67E5-3DC0-95CC-E63FDEF2E1F0}"
EndProject
Project("{2150E333-8FDC-42A3-9474-1A3956D46DE8}") = "Utilities", "Utilities", "{ED17F056-6A92-3BE1-B48A-8ABEA96AD641}"
EndProject
Project("{8BC9CEB8-8B4A-11D0-8D11-00A0C91BC942}") = "ALL_BUILD", "ALL_BUILD.vcxproj", "{BDA4837A-D282-3A38-AA09-DB6922A6B238}"
	ProjectSection(ProjectDependencies) = postProject
		{D3587EAB-8334-3F3E-B8EA-FEB3AB91B53F} = {D3587EAB-8334-3F3E-B8EA-FEB3AB91B53F}
		{4DF274B6-2EC5-35F7-9A1F-532CBE3278D8} = {4DF274B6-2EC5-35F7-9A1F-532CBE3278D8}
	EndProjectSection
EndProject
Project("{8BC9CEB8-8B4A-11D0-8D11-00A0C91BC942}") = "ZERO_CHECK", "..\..\..\..\..\\ZERO_CHECK.vcxproj", "{D3587EAB-8334-3F3E-B8EA-FEB3AB91B53F}"
	ProjectSection(ProjectDependencies) = postProject
	EndProjectSection
EndProject
Project("{8BC9CEB8-8B4A-11D0-8D11-00A0C91BC942}") = "base", "..\..\..\..\base\base.vcxproj", "{BA638283-C579-3D2D-AA16-9F8E13C90964}"
	ProjectSection(ProjectDependencies) = postProject
		{D3587EAB-8334-3F3E-B8EA-FEB3AB91B53F} = {D3587EAB-8334-3F3E-B8EA-FEB3AB91B53F}
	EndProjectSection
EndProject
Project("{8BC9CEB8-8B4A-11D0-8D11-00A0C91BC942}") = "legacymidiccout", "legacymidiccout.vcxproj", "{4DF274B6-2EC5-35F7-9A1F-532CBE3278D8}"
	ProjectSection(ProjectDependencies) = postProject
		{D3587EAB-8334-3F3E-B8EA-FEB3AB91B53F} = {D3587EAB-8334-3F3E-B8EA-FEB3AB91B53F}
		{BA638283-C579-3D2D-AA16-9F8E13C90964} = {BA638283-C579-3D2D-AA16-9F8E13C90964}
		{6B0A421D-B559-3E5A-811F-CDEF7AA1928D} = {6B0A421D-B559-3E5A-811F-CDEF7AA1928D}
		{D5E150F1-19AA-372C-B63D-EA8433286572} = {D5E150F1-19AA-372C-B63D-EA8433286572}
		{08D9F9A9-81F8-3F5B-BB6D-A0D62F080329} = {08D9F9A9-81F8-3F5B-BB6D-A0D62F080329}
		{AC96E5F9-A462-3D53-B1B7-7E3688D46006} = {AC96E5F9-A462-3D53-B1B7-7E3688D46006}
		{5CF1E091-3264-339E-9278-E7AF1AC40E81} = {5CF1E091-3264-339E-9278-E7AF1AC40E81}
	EndProjectSection
EndProject
Project("{8BC9CEB8-8B4A-11D0-8D11-00A0C91BC942}") = "moduleinfotool", "..\..\vst-utilities\moduleinfotool\moduleinfotool.vcxproj", "{6B0A421D-B559-3E5A-811F-CDEF7AA1928D}"
	ProjectSection(ProjectDependencies) = postProject
		{D3587EAB-8334-3F3E-B8EA-FEB3AB91B53F} = {D3587EAB-8334-3F3E-B8EA-FEB3AB91B53F}
		{BA638283-C579-3D2D-AA16-9F8E13C90964} = {BA638283-C579-3D2D-AA16-9F8E13C90964}
		{D5E150F1-19AA-372C-B63D-EA8433286572} = {D5E150F1-19AA-372C-B63D-EA8433286572}
		{AC96E5F9-A462-3D53-B1B7-7E3688D46006} = {AC96E5F9-A462-3D53-B1B7-7E3688D46006}
		{C875D5CC-BDF9-3D85-B37D-43938C895FBB} = {C875D5CC-BDF9-3D85-B37D-43938C895FBB}
	EndProjectSection
EndProject
Project("{8BC9CEB8-8B4A-11D0-8D11-00A0C91BC942}") = "pluginterfaces", "..\..\..\..\pluginterfaces\pluginterfaces.vcxproj", "{D5E150F1-19AA-372C-B63D-EA8433286572}"
	ProjectSection(ProjectDependencies) = postProject
		{D3587EAB-8334-3F3E-B8EA-FEB3AB91B53F} = {D3587EAB-8334-3F3E-B8EA-FEB3AB91B53F}
	EndProjectSection
EndProject
Project("{8BC9CEB8-8B4A-11D0-8D11-00A0C91BC942}") = "sdk", "..\..\..\\sdk.vcxproj", "{08D9F9A9-81F8-3F5B-BB6D-A0D62F080329}"
	ProjectSection(ProjectDependencies) = postProject
		{D3587EAB-8334-3F3E-B8EA-FEB3AB91B53F} = {D3587EAB-8334-3F3E-B8EA-FEB3AB91B53F}
		{BA638283-C579-3D2D-AA16-9F8E13C90964} = {BA638283-C579-3D2D-AA16-9F8E13C90964}
		{D5E150F1-19AA-372C-B63D-EA8433286572} = {D5E150F1-19AA-372C-B63D-EA8433286572}
		{AC96E5F9-A462-3D53-B1B7-7E3688D46006} = {AC96E5F9-A462-3D53-B1B7-7E3688D46006}
	EndProjectSection
EndProject
Project("{8BC9CEB8-8B4A-11D0-8D11-00A0C91BC942}") = "sdk_common", "..\..\..\\sdk_common.vcxproj", "{AC96E5F9-A462-3D53-B1B7-7E3688D46006}"
	ProjectSection(ProjectDependencies) = postProject
		{D3587EAB-8334-3F3E-B8EA-FEB3AB91B53F} = {D3587EAB-8334-3F3E-B8EA-FEB3AB91B53F}
		{BA638283-C579-3D2D-AA16-9F8E13C90964} = {BA638283-C579-3D2D-AA16-9F8E13C90964}
		{D5E150F1-19AA-372C-B63D-EA8433286572} = {D5E150F1-19AA-372C-B63D-EA8433286572}
	EndProjectSection
EndProject
Project("{8BC9CEB8-8B4A-11D0-8D11-00A0C91BC942}") = "sdk_hosting", "..\..\..\\sdk_hosting.vcxproj", "{C875D5CC-BDF9-3D85-B37D-43938C895FBB}"
	ProjectSection(ProjectDependencies) = postProject
		{D3587EAB-8334-3F3E-B8EA-FEB3AB91B53F} = {D3587EAB-8334-3F3E-B8EA-FEB3AB91B53F}
		{BA638283-C579-3D2D-AA16-9F8E13C90964} = {BA638283-C579-3D2D-AA16-9F8E13C90964}
		{D5E150F1-19AA-372C-B63D-EA8433286572} = {D5E150F1-19AA-372C-B63D-EA8433286572}
		{AC96E5F9-A462-3D53-B1B7-7E3688D46006} = {AC96E5F9-A462-3D53-B1B7-7E3688D46006}
	EndProjectSection
EndProject
Project("{8BC9CEB8-8B4A-11D0-8D11-00A0C91BC942}") = "validator", "..\..\vst-hosting\validator\validator.vcxproj", "{5CF1E091-3264-339E-9278-E7AF1AC40E81}"
	ProjectSection(ProjectDependencies) = postProject
		{D3587EAB-8334-3F3E-B8EA-FEB3AB91B53F} = {D3587EAB-8334-3F3E-B8EA-FEB3AB91B53F}
		{BA638283-C579-3D2D-AA16-9F8E13C90964} = {BA638283-C579-3D2D-AA16-9F8E13C90964}
		{D5E150F1-19AA-372C-B63D-EA8433286572} = {D5E150F1-19AA-372C-B63D-EA8433286572}
		{AC96E5F9-A462-3D53-B1B7-7E3688D46006} = {AC96E5F9-A462-3D53-B1B7-7E3688D46006}
		{C875D5CC-BDF9-3D85-B37D-43938C895FBB} = {C875D5CC-BDF9-3D85-B37D-43938C895FBB}
	EndProjectSection
EndProject
Global
	GlobalSection(SolutionConfigurationPlatforms) = preSolution
		Debug|x64 = Debug|x64
		Release|x64 = Release|x64
	EndGlobalSection
	GlobalSection(ProjectConfigurationPlatforms) = postSolution
		{BDA4837A-D282-3A38-AA09-DB6922A6B238}.Debug|x64.ActiveCfg = Debug|x64
		{BDA4837A-D282-3A38-AA09-DB6922A6B238}.Release|x64.ActiveCfg = Release|x64
		{D3587EAB-8334-3F3E-B8EA-FEB3AB91B53F}.Debug|x64.ActiveCfg = Debug|x64
		{D3587EAB-8334-3F3E-B8EA-FEB3AB91B53F}.Debug|x64.Build.0 = Debug|x64
		{D3587EAB-8334-3F3E-B8EA-FEB3AB91B53F}.Release|x64.ActiveCfg = Release|x64
		{D3587EAB-8334-3F3E-B8EA-FEB3AB91B53F}.Release|x64.Build.0 = Release|x64
		{BA638283-C579-3D2D-AA16-9F8E13C90964}.Debug|x64.ActiveCfg = Debug|x64
		{BA638283-C579-3D2D-AA16-9F8E13C90964}.Debug|x64.Build.0 = Debug|x64
		{BA638283-C579-3D2D-AA16-9F8E13C90964}.Release|x64.ActiveCfg = Release|x64
		{BA638283-C579-3D2D-AA16-9F8E13C90964}.Release|x64.Build.0 = Release|x64
		{4DF274B6-2EC5-35F7-9A1F-532CBE3278D8}.Debug|x64.ActiveCfg = Debug|x64
		{4DF274B6-2EC5-35F7-9A1F-532CBE3278D8}.Debug|x64.Build.0 = Debug|x64
		{4DF274B6-2EC5-35F7-9A1F-532CBE3278D8}.Release|x64.ActiveCfg = Release|x64
		{4DF274B6-2EC5-35F7-9A1F-532CBE3278D8}.Release|x64.Build.0 = Release|x64
		{6B0A421D-B559-3E5A-811F-CDEF7AA1928D}.Debug|x64.ActiveCfg = Debug|x64
		{6B0A421D-B559-3E5A-811F-CDEF7AA1928D}.Debug|x64.Build.0 = Debug|x64
		{6B0A421D-B559-3E5A-811F-CDEF7AA1928D}.Release|x64.ActiveCfg = Release|x64
		{6B0A421D-B559-3E5A-811F-CDEF7AA1928D}.Release|x64.Build.0 = Release|x64
		{D5E150F1-19AA-372C-B63D-EA8433286572}.Debug|x64.ActiveCfg = Debug|x64
		{D5E150F1-19AA-372C-B63D-EA8433286572}.Debug|x64.Build.0 = Debug|x64
		{D5E150F1-19AA-372C-B63D-EA8433286572}.Release|x64.ActiveCfg = Release|x64
		{D5E150F1-19AA-372C-B63D-EA8433286572}.Release|x64.Build.0 = Release|x64
		{08D9F9A9-81F8-3F5B-BB6D-A0D62F080329}.Debug|x64.ActiveCfg = Debug|x64
		{08D9F9A9-81F8-3F5B-BB6D-A0D62F080329}.Debug|x64.Build.0 = Debug|x64
		{08D9F9A9-81F8-3F5B-BB6D-A0D62F080329}.Release|x64.ActiveCfg = Release|x64
		{08D9F9A9-81F8-3F5B-BB6D-A0D62F080329}.Release|x64.Build.0 = Release|x64
		{AC96E5F9-A462-3D53-B1B7-7E3688D46006}.Debug|x64.ActiveCfg = Debug|x64
		{AC96E5F9-A462-3D53-B1B7-7E3688D46006}.Debug|x64.Build.0 = Debug|x64
		{AC96E5F9-A462-3D53-B1B7-7E3688D46006}.Release|x64.ActiveCfg = Release|x64
		{AC96E5F9-A462-3D53-B1B7-7E3688D46006}.Release|x64.Build.0 = Release|x64
		{C875D5CC-BDF9-3D85-B37D-43938C895FBB}.Debug|x64.ActiveCfg = Debug|x64
		{C875D5CC-BDF9-3D85-B37D-43938C895FBB}.Debug|x64.Build.0 = Debug|x64
		{C875D5CC-BDF9-3D85-B37D-43938C895FBB}.Release|x64.ActiveCfg = Release|x64
		{C875D5CC-BDF9-3D85-B37D-43938C895FBB}.Release|x64.Build.0 = Release|x64
		{5CF1E091-3264-339E-9278-E7AF1AC40E81}.Debug|x64.ActiveCfg = Debug|x64
		{5CF1E091-3264-339E-9278-E7AF1AC40E81}.Debug|x64.Build.0 = Debug|x64
		{5CF1E091-3264-339E-9278-E7AF1AC40E81}.Release|x64.ActiveCfg = Release|x64
		{5CF1E091-3264-339E-9278-E7AF1AC40E81}.Release|x64.Build.0 = Release|x64
	EndGlobalSection
	GlobalSection(NestedProjects) = preSolution
		{5CF1E091-3264-339E-9278-E7AF1AC40E81} = {E2D9F7C2-B817-3E23-BCF7-AD32BFC6F11E}
		{BA638283-C579-3D2D-AA16-9F8E13C90964} = {9E362918-8100-3E68-A1F8-BFC21571D627}
		{D5E150F1-19AA-372C-B63D-EA8433286572} = {9E362918-8100-3E68-A1F8-BFC21571D627}
		{08D9F9A9-81F8-3F5B-BB6D-A0D62F080329} = {9E362918-8100-3E68-A1F8-BFC21571D627}
		{AC96E5F9-A462-3D53-B1B7-7E3688D46006} = {9E362918-8100-3E68-A1F8-BFC21571D627}
		{C875D5CC-BDF9-3D85-B37D-43938C895FBB} = {9E362918-8100-3E68-A1F8-BFC21571D627}
		{4DF274B6-2EC5-35F7-9A1F-532CBE3278D8} = {BF8966ED-BD38-3313-90EB-48B7823FC31B}
		{BDA4837A-D282-3A38-AA09-DB6922A6B238} = {DD2CED4C-67E5-3DC0-95CC-E63FDEF2E1F0}
		{D3587EAB-8334-3F3E-B8EA-FEB3AB91B53F} = {DD2CED4C-67E5-3DC0-95CC-E63FDEF2E1F0}
		{6B0A421D-B559-3E5A-811F-CDEF7AA1928D} = {ED17F056-6A92-3BE1-B48A-8ABEA96AD641}
	EndGlobalSection
	GlobalSection(ExtensibilityGlobals) = postSolution
		SolutionGuid = {F5CE35CD-0629-32C0-92E3-DDD9E88F8526}
	EndGlobalSection
	GlobalSection(ExtensibilityAddIns) = postSolution
	EndGlobalSection
EndGlobal
