<?xml version="1.0" encoding="utf-8"?>
<Project ToolsVersion="17.0" xmlns="http://schemas.microsoft.com/developer/msbuild/2003">
  <ItemGroup>
    <ClCompile Include="C:\Users\User\Documents\VST_SDK\vst3sdk\public.sdk\samples\vst\multiple_programchanges\source\plug.cpp">
      <Filter>Source Files</Filter>
    </ClCompile>
    <ClCompile Include="C:\Users\User\Documents\VST_SDK\vst3sdk\public.sdk\samples\vst\multiple_programchanges\source\plugcontroller.cpp">
      <Filter>Source Files</Filter>
    </ClCompile>
    <ClCompile Include="C:\Users\User\Documents\VST_SDK\vst3sdk\public.sdk\samples\vst\multiple_programchanges\source\plugentry.cpp">
      <Filter>Source Files</Filter>
    </ClCompile>
    <ClCompile Include="C:\Users\User\Documents\VST_SDK\vst3sdk\public.sdk\source\main\dllmain.cpp">
      <Filter>Source Files</Filter>
    </ClCompile>
  </ItemGroup>
  <ItemGroup>
    <ClInclude Include="C:\Users\User\Documents\VST_SDK\vst3sdk\public.sdk\samples\vst\multiple_programchanges\source\plug.h">
      <Filter>Header Files</Filter>
    </ClInclude>
    <ClInclude Include="C:\Users\User\Documents\VST_SDK\vst3sdk\public.sdk\samples\vst\multiple_programchanges\source\plugcids.h">
      <Filter>Header Files</Filter>
    </ClInclude>
    <ClInclude Include="C:\Users\User\Documents\VST_SDK\vst3sdk\public.sdk\samples\vst\multiple_programchanges\source\plugcontroller.h">
      <Filter>Header Files</Filter>
    </ClInclude>
    <ClInclude Include="C:\Users\User\Documents\VST_SDK\vst3sdk\public.sdk\samples\vst\multiple_programchanges\source\plugparamids.h">
      <Filter>Header Files</Filter>
    </ClInclude>
    <ClInclude Include="C:\Users\User\Documents\VST_SDK\vst3sdk\public.sdk\samples\vst\multiple_programchanges\source\version.h">
      <Filter>Header Files</Filter>
    </ClInclude>
  </ItemGroup>
  <ItemGroup>
    <CustomBuild Include="C:\Users\User\Documents\VST_SDK\vst3sdk\public.sdk\samples\vst\multiple_programchanges\CMakeLists.txt" />
  </ItemGroup>
  <ItemGroup>
    <ResourceCompile Include="C:\Users\User\Documents\VST_SDK\vst3sdk\public.sdk\samples\vst\multiple_programchanges\resource\info.rc">
      <Filter>Source Files</Filter>
    </ResourceCompile>
  </ItemGroup>
  <ItemGroup>
    <Filter Include="Header Files">
      <UniqueIdentifier>{4CEEBBA3-95AC-3856-93A2-6423C011E0FC}</UniqueIdentifier>
    </Filter>
    <Filter Include="Source Files">
      <UniqueIdentifier>{24DC8A81-4282-3DBA-969E-C0AE95E8FA44}</UniqueIdentifier>
    </Filter>
  </ItemGroup>
</Project>
